version: 1.0
shards:
  admiral:
    github: djmaze/admiral.cr
    commit: 562984714fbdb1c0444b0c22d1e037346c7e074b

  db:
    github: crystal-lang/crystal-db
    version: 0.7.0

  faker:
    github: askn/faker
    version: 0.2.0

  msgpack:
    github: crystal-community/msgpack-crystal
    version: 0.14.2

  mysql:
    github: crystal-lang/crystal-mysql
    version: 0.9.0

  pg:
    github: will/crystal-pg
    version: 0.19.0

